
Microsoft Visual Studio Solution File, Format Version 12.00
# Visual Studio Version 17
VisualStudioVersion = 17.0.32126.317
MinimumVisualStudioVersion = 10.0.40219.1
Project("{8BC9CEB8-8B4A-11D0-8D11-00A0C91BC942}") = "CyclesInTheGraph", "CyclesInTheGraph\CyclesInTheGraph.vcxproj", "{A20B653B-58ED-49A7-BD8A-85D0FB7B3655}"
EndProject
Project("{8BC9CEB8-8B4A-11D0-8D11-00A0C91BC942}") = "Test_findCycles", "Test_findCycles\Test_findCycles.vcxproj", "{2A4D1CCC-4703-4E3B-9105-FD2018B76C0F}"
EndProject
Project("{8BC9CEB8-8B4A-11D0-8D11-00A0C91BC942}") = "Test_dfs", "Test_dfs\Test_dfs.vcxproj", "{0335F973-6B99-4AF4-A823-C9576931254D}"
EndProject
Project("{8BC9CEB8-8B4A-11D0-8D11-00A0C91BC942}") = "Test_getCorrectCycleName", "Test_getCorrectCycleName\Test_getCorrectCycleName.vcxproj", "{3E3C19B7-990E-4A9E-850A-43908696B7A3}"
EndProject
Project("{8BC9CEB8-8B4A-11D0-8D11-00A0C91BC942}") = "Test_findVertexInGraph", "Test_findVertexInGraph\Test_findVertexInGraph.vcxproj", "{EB7384BB-7A36-496E-8099-051E9E9C37BF}"
EndProject
Project("{8BC9CEB8-8B4A-11D0-8D11-00A0C91BC942}") = "Test_readCSVFile", "Test_readCSVFile\Test_readCSVFile.vcxproj", "{816F74AD-D208-41B3-A076-DA9E60E69511}"
EndProject
Project("{8BC9CEB8-8B4A-11D0-8D11-00A0C91BC942}") = "Test_strip", "Test_strip\Test_strip.vcxproj", "{07DBFECB-E1CA-4E1E-8F07-129D794F2EF6}"
EndProject
Global
	GlobalSection(SolutionConfigurationPlatforms) = preSolution
		Debug|x64 = Debug|x64
		Debug|x86 = Debug|x86
		Release|x64 = Release|x64
		Release|x86 = Release|x86
	EndGlobalSection
	GlobalSection(ProjectConfigurationPlatforms) = postSolution
		{A20B653B-58ED-49A7-BD8A-85D0FB7B3655}.Debug|x64.ActiveCfg = Debug|x64
		{A20B653B-58ED-49A7-BD8A-85D0FB7B3655}.Debug|x64.Build.0 = Debug|x64
		{A20B653B-58ED-49A7-BD8A-85D0FB7B3655}.Debug|x86.ActiveCfg = Debug|Win32
		{A20B653B-58ED-49A7-BD8A-85D0FB7B3655}.Debug|x86.Build.0 = Debug|Win32
		{A20B653B-58ED-49A7-BD8A-85D0FB7B3655}.Release|x64.ActiveCfg = Release|x64
		{A20B653B-58ED-49A7-BD8A-85D0FB7B3655}.Release|x64.Build.0 = Release|x64
		{A20B653B-58ED-49A7-BD8A-85D0FB7B3655}.Release|x86.ActiveCfg = Release|Win32
		{A20B653B-58ED-49A7-BD8A-85D0FB7B3655}.Release|x86.Build.0 = Release|Win32
		{2A4D1CCC-4703-4E3B-9105-FD2018B76C0F}.Debug|x64.ActiveCfg = Debug|x64
		{2A4D1CCC-4703-4E3B-9105-FD2018B76C0F}.Debug|x64.Build.0 = Debug|x64
		{2A4D1CCC-4703-4E3B-9105-FD2018B76C0F}.Debug|x86.ActiveCfg = Debug|Win32
		{2A4D1CCC-4703-4E3B-9105-FD2018B76C0F}.Debug|x86.Build.0 = Debug|Win32
		{2A4D1CCC-4703-4E3B-9105-FD2018B76C0F}.Release|x64.ActiveCfg = Release|x64
		{2A4D1CCC-4703-4E3B-9105-FD2018B76C0F}.Release|x64.Build.0 = Release|x64
		{2A4D1CCC-4703-4E3B-9105-FD2018B76C0F}.Release|x86.ActiveCfg = Release|Win32
		{2A4D1CCC-4703-4E3B-9105-FD2018B76C0F}.Release|x86.Build.0 = Release|Win32
		{0335F973-6B99-4AF4-A823-C9576931254D}.Debug|x64.ActiveCfg = Debug|x64
		{0335F973-6B99-4AF4-A823-C9576931254D}.Debug|x64.Build.0 = Debug|x64
		{0335F973-6B99-4AF4-A823-C9576931254D}.Debug|x86.ActiveCfg = Debug|Win32
		{0335F973-6B99-4AF4-A823-C9576931254D}.Debug|x86.Build.0 = Debug|Win32
		{0335F973-6B99-4AF4-A823-C9576931254D}.Release|x64.ActiveCfg = Release|x64
		{0335F973-6B99-4AF4-A823-C9576931254D}.Release|x64.Build.0 = Release|x64
		{0335F973-6B99-4AF4-A823-C9576931254D}.Release|x86.ActiveCfg = Release|Win32
		{0335F973-6B99-4AF4-A823-C9576931254D}.Release|x86.Build.0 = Release|Win32
		{3E3C19B7-990E-4A9E-850A-43908696B7A3}.Debug|x64.ActiveCfg = Debug|x64
		{3E3C19B7-990E-4A9E-850A-43908696B7A3}.Debug|x64.Build.0 = Debug|x64
		{3E3C19B7-990E-4A9E-850A-43908696B7A3}.Debug|x86.ActiveCfg = Debug|Win32
		{3E3C19B7-990E-4A9E-850A-43908696B7A3}.Debug|x86.Build.0 = Debug|Win32
		{3E3C19B7-990E-4A9E-850A-43908696B7A3}.Release|x64.ActiveCfg = Release|x64
		{3E3C19B7-990E-4A9E-850A-43908696B7A3}.Release|x64.Build.0 = Release|x64
		{3E3C19B7-990E-4A9E-850A-43908696B7A3}.Release|x86.ActiveCfg = Release|Win32
		{3E3C19B7-990E-4A9E-850A-43908696B7A3}.Release|x86.Build.0 = Release|Win32
		{EB7384BB-7A36-496E-8099-051E9E9C37BF}.Debug|x64.ActiveCfg = Debug|x64
		{EB7384BB-7A36-496E-8099-051E9E9C37BF}.Debug|x64.Build.0 = Debug|x64
		{EB7384BB-7A36-496E-8099-051E9E9C37BF}.Debug|x86.ActiveCfg = Debug|Win32
		{EB7384BB-7A36-496E-8099-051E9E9C37BF}.Debug|x86.Build.0 = Debug|Win32
		{EB7384BB-7A36-496E-8099-051E9E9C37BF}.Release|x64.ActiveCfg = Release|x64
		{EB7384BB-7A36-496E-8099-051E9E9C37BF}.Release|x64.Build.0 = Release|x64
		{EB7384BB-7A36-496E-8099-051E9E9C37BF}.Release|x86.ActiveCfg = Release|Win32
		{EB7384BB-7A36-496E-8099-051E9E9C37BF}.Release|x86.Build.0 = Release|Win32
		{816F74AD-D208-41B3-A076-DA9E60E69511}.Debug|x64.ActiveCfg = Debug|x64
		{816F74AD-D208-41B3-A076-DA9E60E69511}.Debug|x64.Build.0 = Debug|x64
		{816F74AD-D208-41B3-A076-DA9E60E69511}.Debug|x86.ActiveCfg = Debug|Win32
		{816F74AD-D208-41B3-A076-DA9E60E69511}.Debug|x86.Build.0 = Debug|Win32
		{816F74AD-D208-41B3-A076-DA9E60E69511}.Release|x64.ActiveCfg = Release|x64
		{816F74AD-D208-41B3-A076-DA9E60E69511}.Release|x64.Build.0 = Release|x64
		{816F74AD-D208-41B3-A076-DA9E60E69511}.Release|x86.ActiveCfg = Release|Win32
		{816F74AD-D208-41B3-A076-DA9E60E69511}.Release|x86.Build.0 = Release|Win32
		{07DBFECB-E1CA-4E1E-8F07-129D794F2EF6}.Debug|x64.ActiveCfg = Debug|x64
		{07DBFECB-E1CA-4E1E-8F07-129D794F2EF6}.Debug|x64.Build.0 = Debug|x64
		{07DBFECB-E1CA-4E1E-8F07-129D794F2EF6}.Debug|x86.ActiveCfg = Debug|Win32
		{07DBFECB-E1CA-4E1E-8F07-129D794F2EF6}.Debug|x86.Build.0 = Debug|Win32
		{07DBFECB-E1CA-4E1E-8F07-129D794F2EF6}.Release|x64.ActiveCfg = Release|x64
		{07DBFECB-E1CA-4E1E-8F07-129D794F2EF6}.Release|x64.Build.0 = Release|x64
		{07DBFECB-E1CA-4E1E-8F07-129D794F2EF6}.Release|x86.ActiveCfg = Release|Win32
		{07DBFECB-E1CA-4E1E-8F07-129D794F2EF6}.Release|x86.Build.0 = Release|Win32
	EndGlobalSection
	GlobalSection(SolutionProperties) = preSolution
		HideSolutionNode = FALSE
	EndGlobalSection
	GlobalSection(ExtensibilityGlobals) = postSolution
		SolutionGuid = {B4BDC698-4332-4971-82C1-5C41415AA8F8}
	EndGlobalSection
EndGlobal
